
Microsoft Visual Studio Solution File, Format Version 12.00
# Visual Studio Version 16
VisualStudioVersion = 16.0.31321.278
MinimumVisualStudioVersion = 10.0.40219.1
Project("{9A19103F-16F7-4668-BE54-9A1E7A4F7556}") = "EHI.Api", "EHI.Api\EHI.Api.csproj", "{E1333C4C-1F74-458B-AEC9-10F7E156A3F2}"
EndProject
Project("{9A19103F-16F7-4668-BE54-9A1E7A4F7556}") = "EHI.AppLogic", "EHI.AppLogic\EHI.AppLogic.csproj", "{12C5FD06-45D0-47C2-9560-AED57B9AA1D1}"
EndProject
Project("{9A19103F-16F7-4668-BE54-9A1E7A4F7556}") = "EHI.Tests", "..\tests\EHI.Tests\EHI.Tests.csproj", "{94F4CBBE-CBF8-4C18-A5C3-0AC802C05619}"
EndProject
Project("{9A19103F-16F7-4668-BE54-9A1E7A4F7556}") = "EHI.WebApp", "EHI.Web\EHI.WebApp.csproj", "{47D3E6BB-CB1C-451F-B3F4-CFC8D9419F96}"
EndProject
Global
	GlobalSection(SolutionConfigurationPlatforms) = preSolution
		Debug|Any CPU = Debug|Any CPU
		Release|Any CPU = Release|Any CPU
	EndGlobalSection
	GlobalSection(ProjectConfigurationPlatforms) = postSolution
		{E1333C4C-1F74-458B-AEC9-10F7E156A3F2}.Debug|Any CPU.ActiveCfg = Debug|Any CPU
		{E1333C4C-1F74-458B-AEC9-10F7E156A3F2}.Debug|Any CPU.Build.0 = Debug|Any CPU
		{E1333C4C-1F74-458B-AEC9-10F7E156A3F2}.Release|Any CPU.ActiveCfg = Release|Any CPU
		{E1333C4C-1F74-458B-AEC9-10F7E156A3F2}.Release|Any CPU.Build.0 = Release|Any CPU
		{12C5FD06-45D0-47C2-9560-AED57B9AA1D1}.Debug|Any CPU.ActiveCfg = Debug|Any CPU
		{12C5FD06-45D0-47C2-9560-AED57B9AA1D1}.Debug|Any CPU.Build.0 = Debug|Any CPU
		{12C5FD06-45D0-47C2-9560-AED57B9AA1D1}.Release|Any CPU.ActiveCfg = Release|Any CPU
		{12C5FD06-45D0-47C2-9560-AED57B9AA1D1}.Release|Any CPU.Build.0 = Release|Any CPU
		{94F4CBBE-CBF8-4C18-A5C3-0AC802C05619}.Debug|Any CPU.ActiveCfg = Debug|Any CPU
		{94F4CBBE-CBF8-4C18-A5C3-0AC802C05619}.Debug|Any CPU.Build.0 = Debug|Any CPU
		{94F4CBBE-CBF8-4C18-A5C3-0AC802C05619}.Release|Any CPU.ActiveCfg = Release|Any CPU
		{94F4CBBE-CBF8-4C18-A5C3-0AC802C05619}.Release|Any CPU.Build.0 = Release|Any CPU
		{47D3E6BB-CB1C-451F-B3F4-CFC8D9419F96}.Debug|Any CPU.ActiveCfg = Debug|Any CPU
		{47D3E6BB-CB1C-451F-B3F4-CFC8D9419F96}.Debug|Any CPU.Build.0 = Debug|Any CPU
		{47D3E6BB-CB1C-451F-B3F4-CFC8D9419F96}.Release|Any CPU.ActiveCfg = Release|Any CPU
		{47D3E6BB-CB1C-451F-B3F4-CFC8D9419F96}.Release|Any CPU.Build.0 = Release|Any CPU
	EndGlobalSection
	GlobalSection(SolutionProperties) = preSolution
		HideSolutionNode = FALSE
	EndGlobalSection
	GlobalSection(ExtensibilityGlobals) = postSolution
		SolutionGuid = {14FF48AB-A2FB-4AF0-90C4-6F64947B8CC9}
	EndGlobalSection
EndGlobal
